
Microsoft Visual Studio Solution File, Format Version 12.00
# Visual Studio Version 16
VisualStudioVersion = 16.0.32413.511
MinimumVisualStudioVersion = 10.0.40219.1
Project("{FAE04EC0-301F-11D3-BF4B-00C04F79EFBC}") = "AddressBook", "AddressBook\AddressBook.csproj", "{A1D63DA2-6642-4860-A372-CAF51E7924AB}"
EndProject
Global
	GlobalSection(SolutionConfigurationPlatforms) = preSolution
		Debug|Any CPU = Debug|Any CPU
		Release|Any CPU = Release|Any CPU
	EndGlobalSection
	GlobalSection(ProjectConfigurationPlatforms) = postSolution
		{A1D63DA2-6642-4860-A372-CAF51E7924AB}.Debug|Any CPU.ActiveCfg = Debug|Any CPU
		{A1D63DA2-6642-4860-A372-CAF51E7924AB}.Debug|Any CPU.Build.0 = Debug|Any CPU
		{A1D63DA2-6642-4860-A372-CAF51E7924AB}.Release|Any CPU.ActiveCfg = Release|Any CPU
		{A1D63DA2-6642-4860-A372-CAF51E7924AB}.Release|Any CPU.Build.0 = Release|Any CPU
	EndGlobalSection
	GlobalSection(SolutionProperties) = preSolution
		HideSolutionNode = FALSE
	EndGlobalSection
	GlobalSection(ExtensibilityGlobals) = postSolution
		SolutionGuid = {06A134B3-794A-470D-92A8-AC9C7F57AD48}
	EndGlobalSection
EndGlobal
